
Microsoft Visual Studio Solution File, Format Version 12.00
# Visual Studio Version 17
VisualStudioVersion = 17.5.33516.290
MinimumVisualStudioVersion = 10.0.40219.1
Project("{9A19103F-16F7-4668-BE54-9A1E7A4F7556}") = "HospitalManagement.Api", "HospitalManagement.Api\HospitalManagement.Api.csproj", "{4E8B2B59-F035-4D6A-A65D-D20B76EB763C}"
EndProject
Project("{9A19103F-16F7-4668-BE54-9A1E7A4F7556}") = "HospitalManagment.Library", "HospitalManagment.Library\HospitalManagment.Library.csproj", "{C658210B-8592-4401-B66F-C50C4F17D81E}"
EndProject
Project("{FAE04EC0-301F-11D3-BF4B-00C04F79EFBC}") = "HospitalManagement.Client", "HospitalManagement.Client\HospitalManagement.Client.csproj", "{18C7A541-9FF6-4690-9346-0C839F1ADC00}"
EndProject
Global
	GlobalSection(SolutionConfigurationPlatforms) = preSolution
		Debug|Any CPU = Debug|Any CPU
		Release|Any CPU = Release|Any CPU
	EndGlobalSection
	GlobalSection(ProjectConfigurationPlatforms) = postSolution
		{4E8B2B59-F035-4D6A-A65D-D20B76EB763C}.Debug|Any CPU.ActiveCfg = Debug|Any CPU
		{4E8B2B59-F035-4D6A-A65D-D20B76EB763C}.Debug|Any CPU.Build.0 = Debug|Any CPU
		{4E8B2B59-F035-4D6A-A65D-D20B76EB763C}.Release|Any CPU.ActiveCfg = Release|Any CPU
		{4E8B2B59-F035-4D6A-A65D-D20B76EB763C}.Release|Any CPU.Build.0 = Release|Any CPU
		{C658210B-8592-4401-B66F-C50C4F17D81E}.Debug|Any CPU.ActiveCfg = Debug|Any CPU
		{C658210B-8592-4401-B66F-C50C4F17D81E}.Debug|Any CPU.Build.0 = Debug|Any CPU
		{C658210B-8592-4401-B66F-C50C4F17D81E}.Release|Any CPU.ActiveCfg = Release|Any CPU
		{C658210B-8592-4401-B66F-C50C4F17D81E}.Release|Any CPU.Build.0 = Release|Any CPU
		{18C7A541-9FF6-4690-9346-0C839F1ADC00}.Debug|Any CPU.ActiveCfg = Debug|Any CPU
		{18C7A541-9FF6-4690-9346-0C839F1ADC00}.Debug|Any CPU.Build.0 = Debug|Any CPU
		{18C7A541-9FF6-4690-9346-0C839F1ADC00}.Release|Any CPU.ActiveCfg = Release|Any CPU
		{18C7A541-9FF6-4690-9346-0C839F1ADC00}.Release|Any CPU.Build.0 = Release|Any CPU
	EndGlobalSection
	GlobalSection(SolutionProperties) = preSolution
		HideSolutionNode = FALSE
	EndGlobalSection
	GlobalSection(ExtensibilityGlobals) = postSolution
		SolutionGuid = {03B00A68-AE2A-40EE-ADD9-29D0DEEA8949}
	EndGlobalSection
EndGlobal
